
Microsoft Visual Studio Solution File, Format Version 12.00
# Visual Studio Version 17
VisualStudioVersion = 17.6.33829.357
MinimumVisualStudioVersion = 10.0.40219.1
Project("{FAE04EC0-301F-11D3-BF4B-00C04F79EFBC}") = "ScoutsNKnives", "ScoutsNKnives.csproj", "{71623C61-2EF3-4A71-824F-420B73A88CCB}"
EndProject
Global
	GlobalSection(SolutionConfigurationPlatforms) = preSolution
		Debug|Any CPU = Debug|Any CPU
		Release|Any CPU = Release|Any CPU
	EndGlobalSection
	GlobalSection(ProjectConfigurationPlatforms) = postSolution
		{71623C61-2EF3-4A71-824F-420B73A88CCB}.Debug|Any CPU.ActiveCfg = Debug|Any CPU
		{71623C61-2EF3-4A71-824F-420B73A88CCB}.Debug|Any CPU.Build.0 = Debug|Any CPU
		{71623C61-2EF3-4A71-824F-420B73A88CCB}.Release|Any CPU.ActiveCfg = Release|Any CPU
		{71623C61-2EF3-4A71-824F-420B73A88CCB}.Release|Any CPU.Build.0 = Release|Any CPU
	EndGlobalSection
	GlobalSection(SolutionProperties) = preSolution
		HideSolutionNode = FALSE
	EndGlobalSection
	GlobalSection(ExtensibilityGlobals) = postSolution
		SolutionGuid = {40ABE96E-D8FF-456A-B074-32128E5DAB88}
	EndGlobalSection
EndGlobal
